Microsoft Visual Studio Solution File, Format Version 12.00
# Visual Studio Version 17
VisualStudioVersion = 17.12.35514.174 d17.12
MinimumVisualStudioVersion = 10.0.40219.1
Project("{FAE04EC0-301F-11D3-BF4B-00C04F79EFBC}") = "Footactique.AppHost", "Footactique.AppHost\Footactique.AppHost.csproj", "{B72BC64A-C6B2-4AAD-9BBB-CC78C6BC93A9}"
EndProject
Project("{FAE04EC0-301F-11D3-BF4B-00C04F79EFBC}") = "Footactique.ServiceDefaults", "Footactique.ServiceDefaults\Footactique.ServiceDefaults.csproj", "{24FB68D2-F732-42F0-8422-3002E16FD989}"
EndProject
Project("{FAE04EC0-301F-11D3-BF4B-00C04F79EFBC}") = "Footactique.ApiService", "Footactique.ApiService\Footactique.ApiService.csproj", "{0F6FE829-580E-432C-A0DD-94301D54DEB3}"
EndProject
Project("{FAE04EC0-301F-11D3-BF4B-00C04F79EFBC}") = "Footactique.Tests", "Footactique.Tests\Footactique.Tests.csproj", "{442D97A2-6751-4A13-926B-11F3EDA4621A}"
EndProject
Global
	GlobalSection(SolutionConfigurationPlatforms) = preSolution
		Debug|Any CPU = Debug|Any CPU
		Release|Any CPU = Release|Any CPU
	EndGlobalSection
	GlobalSection(ProjectConfigurationPlatforms) = postSolution
		{B72BC64A-C6B2-4AAD-9BBB-CC78C6BC93A9}.Debug|Any CPU.ActiveCfg = Debug|Any CPU
		{B72BC64A-C6B2-4AAD-9BBB-CC78C6BC93A9}.Debug|Any CPU.Build.0 = Debug|Any CPU
		{B72BC64A-C6B2-4AAD-9BBB-CC78C6BC93A9}.Release|Any CPU.ActiveCfg = Release|Any CPU
		{B72BC64A-C6B2-4AAD-9BBB-CC78C6BC93A9}.Release|Any CPU.Build.0 = Release|Any CPU
		{24FB68D2-F732-42F0-8422-3002E16FD989}.Debug|Any CPU.ActiveCfg = Debug|Any CPU
		{24FB68D2-F732-42F0-8422-3002E16FD989}.Debug|Any CPU.Build.0 = Debug|Any CPU
		{24FB68D2-F732-42F0-8422-3002E16FD989}.Release|Any CPU.ActiveCfg = Release|Any CPU
		{24FB68D2-F732-42F0-8422-3002E16FD989}.Release|Any CPU.Build.0 = Release|Any CPU
		{0F6FE829-580E-432C-A0DD-94301D54DEB3}.Debug|Any CPU.ActiveCfg = Debug|Any CPU
		{0F6FE829-580E-432C-A0DD-94301D54DEB3}.Debug|Any CPU.Build.0 = Debug|Any CPU
		{0F6FE829-580E-432C-A0DD-94301D54DEB3}.Release|Any CPU.ActiveCfg = Release|Any CPU
		{0F6FE829-580E-432C-A0DD-94301D54DEB3}.Release|Any CPU.Build.0 = Release|Any CPU
		{442D97A2-6751-4A13-926B-11F3EDA4621A}.Debug|Any CPU.ActiveCfg = Debug|Any CPU
		{442D97A2-6751-4A13-926B-11F3EDA4621A}.Debug|Any CPU.Build.0 = Debug|Any CPU
		{442D97A2-6751-4A13-926B-11F3EDA4621A}.Release|Any CPU.ActiveCfg = Release|Any CPU
		{442D97A2-6751-4A13-926B-11F3EDA4621A}.Release|Any CPU.Build.0 = Release|Any CPU
	EndGlobalSection
	GlobalSection(SolutionProperties) = preSolution
		HideSolutionNode = FALSE
	EndGlobalSection
EndGlobal
