Microsoft Visual Studio Solution File, Format Version 12.00
# Visual Studio Version 17
VisualStudioVersion = 17.12.35514.174
MinimumVisualStudioVersion = 10.0.40219.1
Project("{FAE04EC0-301F-11D3-BF4B-00C04F79EFBC}") = "Footactique.AppHost", "Footactique.AppHost\Footactique.AppHost.csproj", "{665ABFE6-00C8-425A-B4A3-FEBE3D2B379E}"
EndProject
Project("{FAE04EC0-301F-11D3-BF4B-00C04F79EFBC}") = "Footactique.ServiceDefaults", "Footactique.ServiceDefaults\Footactique.ServiceDefaults.csproj", "{A9651062-DA8D-48BE-9A01-107F33E5C162}"
EndProject
Project("{FAE04EC0-301F-11D3-BF4B-00C04F79EFBC}") = "Footactique.ApiService", "Footactique.ApiService\Footactique.ApiService.csproj", "{C03FDD68-08CC-48A9-B174-7C56B18A6315}"
EndProject
Project("{FAE04EC0-301F-11D3-BF4B-00C04F79EFBC}") = "Footactique.Tests", "Footactique.Tests\Footactique.Tests.csproj", "{2E1A7887-EC6C-4BB3-963B-C980B2AFE23D}"
EndProject
Project("{2150E333-8FDC-42A3-9474-1A3956D46DE8}") = "Solution Items", "Solution Items", "{E73FC181-EA1A-4DDE-BA1D-E9B1BB9CC084}"
	ProjectSection(SolutionItems) = preProject
		.gitignore = .gitignore
	EndProjectSection
EndProject
Global
	GlobalSection(SolutionConfigurationPlatforms) = preSolution
		Debug|Any CPU = Debug|Any CPU
		Release|Any CPU = Release|Any CPU
	EndGlobalSection
	GlobalSection(ProjectConfigurationPlatforms) = postSolution
		{665ABFE6-00C8-425A-B4A3-FEBE3D2B379E}.Debug|Any CPU.ActiveCfg = Debug|Any CPU
		{665ABFE6-00C8-425A-B4A3-FEBE3D2B379E}.Debug|Any CPU.Build.0 = Debug|Any CPU
		{665ABFE6-00C8-425A-B4A3-FEBE3D2B379E}.Release|Any CPU.ActiveCfg = Release|Any CPU
		{665ABFE6-00C8-425A-B4A3-FEBE3D2B379E}.Release|Any CPU.Build.0 = Release|Any CPU
		{A9651062-DA8D-48BE-9A01-107F33E5C162}.Debug|Any CPU.ActiveCfg = Debug|Any CPU
		{A9651062-DA8D-48BE-9A01-107F33E5C162}.Debug|Any CPU.Build.0 = Debug|Any CPU
		{A9651062-DA8D-48BE-9A01-107F33E5C162}.Release|Any CPU.ActiveCfg = Release|Any CPU
		{A9651062-DA8D-48BE-9A01-107F33E5C162}.Release|Any CPU.Build.0 = Release|Any CPU
		{C03FDD68-08CC-48A9-B174-7C56B18A6315}.Debug|Any CPU.ActiveCfg = Debug|Any CPU
		{C03FDD68-08CC-48A9-B174-7C56B18A6315}.Debug|Any CPU.Build.0 = Debug|Any CPU
		{C03FDD68-08CC-48A9-B174-7C56B18A6315}.Release|Any CPU.ActiveCfg = Release|Any CPU
		{C03FDD68-08CC-48A9-B174-7C56B18A6315}.Release|Any CPU.Build.0 = Release|Any CPU
		{2E1A7887-EC6C-4BB3-963B-C980B2AFE23D}.Debug|Any CPU.ActiveCfg = Debug|Any CPU
		{2E1A7887-EC6C-4BB3-963B-C980B2AFE23D}.Debug|Any CPU.Build.0 = Debug|Any CPU
		{2E1A7887-EC6C-4BB3-963B-C980B2AFE23D}.Release|Any CPU.ActiveCfg = Release|Any CPU
		{2E1A7887-EC6C-4BB3-963B-C980B2AFE23D}.Release|Any CPU.Build.0 = Release|Any CPU
	EndGlobalSection
	GlobalSection(SolutionProperties) = preSolution
		HideSolutionNode = FALSE
	EndGlobalSection
EndGlobal
